
Microsoft Visual Studio Solution File, Format Version 12.00
Project("{FAE04EC0-301F-11D3-BF4B-00C04F79EFBC}") = "EmployeeManagement", "EmployeeManagement\EmployeeManagement.csproj", "{6429F68F-C6E0-4806-8095-58A2432C95B0}"
EndProject
Global
	GlobalSection(SolutionConfigurationPlatforms) = preSolution
		Debug|Any CPU = Debug|Any CPU
		Release|Any CPU = Release|Any CPU
	EndGlobalSection
	GlobalSection(ProjectConfigurationPlatforms) = postSolution
		{6429F68F-C6E0-4806-8095-58A2432C95B0}.Debug|Any CPU.ActiveCfg = Debug|Any CPU
		{6429F68F-C6E0-4806-8095-58A2432C95B0}.Debug|Any CPU.Build.0 = Debug|Any CPU
		{6429F68F-C6E0-4806-8095-58A2432C95B0}.Release|Any CPU.ActiveCfg = Release|Any CPU
		{6429F68F-C6E0-4806-8095-58A2432C95B0}.Release|Any CPU.Build.0 = Release|Any CPU
	EndGlobalSection
EndGlobal
